{
  "name": "@imgcook/yi-vue-standard",
  "lockfileVersion": 2,
  "requires": true,
  "packages": {
    "": {
      "name": "@imgcook/yi-vue-standard",
      "dependencies": {
        "element-ui": "^2.15.6"
      },
      "devDependencies": {
        "@imgcook/dsl-helper": "^0.0.1-alpha.0",
        "co": "^4.6.0",
        "fs-extra": "^8.0.1",
        "lodash": "^4.17.11",
        "prettier": "^1.11.1",
        "thunkify": "^2.1.2",
        "vm2": "^3.5.2",
        "xml-beautifier": "^0.4.0",
        "xtemplate": "^4.6.1",
        "xtpl": "^3.4.0"
      }
    },
    "node_modules/@imgcook/dsl-css-processor": {
      "version": "0.0.1",
      "resolved": "https://registry.npmmirror.com/@imgcook/dsl-css-processor/download/@imgcook/dsl-css-processor-0.0.1.tgz",
      "integrity": "sha1-NBoOScKNIjuoHJ1LPLLZRpGZ3qQ=",
      "dev": true,
      "dependencies": {
        "mdn-data": "^2.0.0"
      }
    },
    "node_modules/@imgcook/dsl-helper": {
      "version": "0.0.1",
      "resolved": "https://registry.npmmirror.com/@imgcook/dsl-helper/download/@imgcook/dsl-helper-0.0.1.tgz",
      "integrity": "sha1-/AsG4zNYwRBuzQaaHeB0HdXYHbg=",
      "dev": true,
      "dependencies": {
        "@imgcook/dsl-css-processor": "^0.0.1",
        "acorn": "^6.1.1",
        "acorn-jsx": "^5.0.1",
        "escodegen": "^1.11.1",
        "lodash": "^4.17.11"
      }
    },
    "node_modules/acorn": {
      "version": "6.4.2",
      "resolved": "https://registry.nlark.com/acorn/download/acorn-6.4.2.tgz",
      "integrity": "sha1-NYZv1xBSjpLeEM8GAWSY5H454eY=",
      "dev": true,
      "bin": {
        "acorn": "bin/acorn"
      },
      "engines": {
        "node": ">=0.4.0"
      }
    },
    "node_modules/acorn-jsx": {
      "version": "5.3.2",
      "resolved": "https://registry.nlark.com/acorn-jsx/download/acorn-jsx-5.3.2.tgz",
      "integrity": "sha1-ftW7VZCLOy8bxVxq8WU7rafweTc=",
      "dev": true,
      "peerDependencies": {
        "acorn": "^6.0.0 || ^7.0.0 || ^8.0.0"
      }
    },
    "node_modules/async-validator": {
      "version": "1.8.5",
      "resolved": "https://registry.npmmirror.com/async-validator/download/async-validator-1.8.5.tgz",
      "integrity": "sha1-3D4I7B/Q3dtn5ghC8CwM0c7G1/A=",
      "dependencies": {
        "babel-runtime": "6.x"
      }
    },
    "node_modules/babel-helper-vue-jsx-merge-props": {
      "version": "2.0.3",
      "resolved": "https://registry.nlark.com/babel-helper-vue-jsx-merge-props/download/babel-helper-vue-jsx-merge-props-2.0.3.tgz",
      "integrity": "sha1-Iq69OzOQIyjlEyk6jkmSs4T58bY="
    },
    "node_modules/babel-runtime": {
      "version": "6.26.0",
      "resolved": "https://registry.nlark.com/babel-runtime/download/babel-runtime-6.26.0.tgz",
      "integrity": "sha1-llxwWGaOgrVde/4E/yM3vItWR/4=",
      "dependencies": {
        "core-js": "^2.4.0",
        "regenerator-runtime": "^0.11.0"
      }
    },
    "node_modules/co": {
      "version": "4.6.0",
      "resolved": "https://registry.npm.taobao.org/co/download/co-4.6.0.tgz",
      "integrity": "sha1-bqa989hTrlTMuOR7+gvz+QMfsYQ=",
      "dev": true,
      "engines": {
        "iojs": ">= 1.0.0",
        "node": ">= 0.12.0"
      }
    },
    "node_modules/core-js": {
      "version": "2.6.12",
      "resolved": "https://registry.npmmirror.com/core-js/download/core-js-2.6.12.tgz?cache=0&sync_timestamp=1633458698338&other_urls=https%3A%2F%2Fregistry.npmmirror.com%2Fcore-js%2Fdownload%2Fcore-js-2.6.12.tgz",
      "integrity": "sha1-2TM9+nsGXjR8xWgiGdb2kIWcwuw=",
      "deprecated": "core-js@<3.3 is no longer maintained and not recommended for usage due to the number of issues. Because of the V8 engine whims, feature detection in old core-js versions could cause a slowdown up to 100x even if nothing is polyfilled. Please, upgrade your dependencies to the actual version of core-js."
    },
    "node_modules/deep-is": {
      "version": "0.1.4",
      "resolved": "https://registry.nlark.com/deep-is/download/deep-is-0.1.4.tgz",
      "integrity": "sha1-pvLc5hL63S7x9Rm3NVHxfoUZmDE=",
      "dev": true
    },
    "node_modules/deepmerge": {
      "version": "1.5.2",
      "resolved": "https://registry.npmmirror.com/deepmerge/download/deepmerge-1.5.2.tgz?cache=0&sync_timestamp=1632811090375&other_urls=https%3A%2F%2Fregistry.npmmirror.com%2Fdeepmerge%2Fdownload%2Fdeepmerge-1.5.2.tgz",
      "integrity": "sha1-EEmdhohEza1P7ghC34x/bwyVp1M=",
      "engines": {
        "node": ">=0.10.0"
      }
    },
    "node_modules/element-ui": {
      "version": "2.15.6",
      "resolved": "https://registry.npmmirror.com/element-ui/download/element-ui-2.15.6.tgz",
      "integrity": "sha1-yWCa3TWvWmhqS3aF3B11fHXgHfM=",
      "dependencies": {
        "async-validator": "~1.8.1",
        "babel-helper-vue-jsx-merge-props": "^2.0.0",
        "deepmerge": "^1.2.0",
        "normalize-wheel": "^1.0.1",
        "resize-observer-polyfill": "^1.5.0",
        "throttle-debounce": "^1.0.1"
      },
      "peerDependencies": {
        "vue": "^2.5.17"
      }
    },
    "node_modules/escape-html": {
      "version": "1.0.3",
      "resolved": "https://registry.npm.taobao.org/escape-html/download/escape-html-1.0.3.tgz",
      "integrity": "sha1-Aljq5NPQwJdN4cFpGI7wBR0dGYg=",
      "dev": true
    },
    "node_modules/escodegen": {
      "version": "1.14.3",
      "resolved": "https://registry.npm.taobao.org/escodegen/download/escodegen-1.14.3.tgz",
      "integrity": "sha1-TnuB+6YVgdyXWC7XjKt/Do1j9QM=",
      "dev": true,
      "dependencies": {
        "esprima": "^4.0.1",
        "estraverse": "^4.2.0",
        "esutils": "^2.0.2",
        "optionator": "^0.8.1"
      },
      "bin": {
        "escodegen": "bin/escodegen.js",
        "esgenerate": "bin/esgenerate.js"
      },
      "engines": {
        "node": ">=4.0"
      },
      "optionalDependencies": {
        "source-map": "~0.6.1"
      }
    },
    "node_modules/esprima": {
      "version": "4.0.1",
      "resolved": "https://registry.nlark.com/esprima/download/esprima-4.0.1.tgz",
      "integrity": "sha1-E7BM2z5sXRnfkatph6hpVhmwqnE=",
      "dev": true,
      "bin": {
        "esparse": "bin/esparse.js",
        "esvalidate": "bin/esvalidate.js"
      },
      "engines": {
        "node": ">=4"
      }
    },
    "node_modules/estraverse": {
      "version": "4.3.0",
      "resolved": "https://registry.npm.taobao.org/estraverse/download/estraverse-4.3.0.tgz",
      "integrity": "sha1-OYrT88WiSUi+dyXoPRGn3ijNvR0=",
      "dev": true,
      "engines": {
        "node": ">=4.0"
      }
    },
    "node_modules/esutils": {
      "version": "2.0.3",
      "resolved": "https://registry.nlark.com/esutils/download/esutils-2.0.3.tgz",
      "integrity": "sha1-dNLrTeC42hKTcRkQ1Qd1ubcQ72Q=",
      "dev": true,
      "engines": {
        "node": ">=0.10.0"
      }
    },
    "node_modules/fast-levenshtein": {
      "version": "2.0.6",
      "resolved": "https://registry.nlark.com/fast-levenshtein/download/fast-levenshtein-2.0.6.tgz",
      "integrity": "sha1-PYpcZog6FqMMqGQ+hR8Zuqd5eRc=",
      "dev": true
    },
    "node_modules/fs-extra": {
      "version": "8.1.0",
      "resolved": "https://registry.nlark.com/fs-extra/download/fs-extra-8.1.0.tgz",
      "integrity": "sha1-SdQ8RaiM2Wd2aMt74bRu/bjS4cA=",
      "dev": true,
      "dependencies": {
        "graceful-fs": "^4.2.0",
        "jsonfile": "^4.0.0",
        "universalify": "^0.1.0"
      },
      "engines": {
        "node": ">=6 <7 || >=8"
      }
    },
    "node_modules/graceful-fs": {
      "version": "4.2.8",
      "resolved": "https://registry.nlark.com/graceful-fs/download/graceful-fs-4.2.8.tgz?cache=0&sync_timestamp=1628194078324&other_urls=https%3A%2F%2Fregistry.nlark.com%2Fgraceful-fs%2Fdownload%2Fgraceful-fs-4.2.8.tgz",
      "integrity": "sha1-5BK40z9eAGWTy9PO5t+fLOu+gCo=",
      "dev": true
    },
    "node_modules/jsonfile": {
      "version": "4.0.0",
      "resolved": "https://registry.nlark.com/jsonfile/download/jsonfile-4.0.0.tgz",
      "integrity": "sha1-h3Gq4HmbZAdrdmQPygWPnBDjPss=",
      "dev": true,
      "optionalDependencies": {
        "graceful-fs": "^4.1.6"
      }
    },
    "node_modules/levn": {
      "version": "0.3.0",
      "resolved": "https://registry.npm.taobao.org/levn/download/levn-0.3.0.tgz",
      "integrity": "sha1-OwmSTt+fCDwEkP3UwLxEIeBHZO4=",
      "dev": true,
      "dependencies": {
        "prelude-ls": "~1.1.2",
        "type-check": "~0.3.2"
      },
      "engines": {
        "node": ">= 0.8.0"
      }
    },
    "node_modules/lodash": {
      "version": "4.17.21",
      "resolved": "https://registry.nlark.com/lodash/download/lodash-4.17.21.tgz?cache=0&sync_timestamp=1624543041613&other_urls=https%3A%2F%2Fregistry.nlark.com%2Flodash%2Fdownload%2Flodash-4.17.21.tgz",
      "integrity": "sha1-Z5WRxWTDv/quhFTPCz3zcMPWkRw=",
      "dev": true
    },
    "node_modules/mdn-data": {
      "version": "2.0.22",
      "resolved": "https://registry.nlark.com/mdn-data/download/mdn-data-2.0.22.tgz?cache=0&other_urls=https%3A%2F%2Fregistry.nlark.com%2Fmdn-data%2Fdownload%2Fmdn-data-2.0.22.tgz",
      "integrity": "sha1-Fut5sLYDiX5AI2Yl2VAYZ0565dQ=",
      "dev": true
    },
    "node_modules/normalize-wheel": {
      "version": "1.0.1",
      "resolved": "https://registry.npmmirror.com/normalize-wheel/download/normalize-wheel-1.0.1.tgz",
      "integrity": "sha1-rsiGr/2wRQcNhWRH32Ls+GFG7EU="
    },
    "node_modules/optionator": {
      "version": "0.8.3",
      "resolved": "https://registry.nlark.com/optionator/download/optionator-0.8.3.tgz",
      "integrity": "sha1-hPodA2/p08fiHZmIS2ARZ+yPtJU=",
      "dev": true,
      "dependencies": {
        "deep-is": "~0.1.3",
        "fast-levenshtein": "~2.0.6",
        "levn": "~0.3.0",
        "prelude-ls": "~1.1.2",
        "type-check": "~0.3.2",
        "word-wrap": "~1.2.3"
      },
      "engines": {
        "node": ">= 0.8.0"
      }
    },
    "node_modules/prelude-ls": {
      "version": "1.1.2",
      "resolved": "https://registry.nlark.com/prelude-ls/download/prelude-ls-1.1.2.tgz",
      "integrity": "sha1-IZMqVJ9eUv/ZqCf1cOBL5iqX2lQ=",
      "dev": true,
      "engines": {
        "node": ">= 0.8.0"
      }
    },
    "node_modules/prettier": {
      "version": "1.19.1",
      "resolved": "https://registry.nlark.com/prettier/download/prettier-1.19.1.tgz?cache=0&sync_timestamp=1631777138030&other_urls=https%3A%2F%2Fregistry.nlark.com%2Fprettier%2Fdownload%2Fprettier-1.19.1.tgz",
      "integrity": "sha1-99f1/4qc2HKnvkyhQglZVqYHl8s=",
      "dev": true,
      "bin": {
        "prettier": "bin-prettier.js"
      },
      "engines": {
        "node": ">=4"
      }
    },
    "node_modules/regenerator-runtime": {
      "version": "0.11.1",
      "resolved": "https://registry.nlark.com/regenerator-runtime/download/regenerator-runtime-0.11.1.tgz?cache=0&sync_timestamp=1626993001371&other_urls=https%3A%2F%2Fregistry.nlark.com%2Fregenerator-runtime%2Fdownload%2Fregenerator-runtime-0.11.1.tgz",
      "integrity": "sha1-vgWtf5v30i4Fb5cmzuUBf78Z4uk="
    },
    "node_modules/repeat-string": {
      "version": "1.6.1",
      "resolved": "https://registry.nlark.com/repeat-string/download/repeat-string-1.6.1.tgz",
      "integrity": "sha1-jcrkcOHIirwtYA//Sndihtp15jc=",
      "dev": true,
      "engines": {
        "node": ">=0.10"
      }
    },
    "node_modules/resize-observer-polyfill": {
      "version": "1.5.1",
      "resolved": "https://registry.npmmirror.com/resize-observer-polyfill/download/resize-observer-polyfill-1.5.1.tgz",
      "integrity": "sha1-DpAg3T0hAkRY1OvSfiPkAmmBBGQ="
    },
    "node_modules/source-map": {
      "version": "0.6.1",
      "resolved": "https://registry.nlark.com/source-map/download/source-map-0.6.1.tgz",
      "integrity": "sha1-dHIq8y6WFOnCh6jQu95IteLxomM=",
      "dev": true,
      "optional": true,
      "engines": {
        "node": ">=0.10.0"
      }
    },
    "node_modules/throttle-debounce": {
      "version": "1.1.0",
      "resolved": "https://registry.npmmirror.com/throttle-debounce/download/throttle-debounce-1.1.0.tgz",
      "integrity": "sha1-UYU9o3vmihVctugns1FKPEIuic0=",
      "engines": {
        "node": ">=4"
      }
    },
    "node_modules/thunkify": {
      "version": "2.1.2",
      "resolved": "https://registry.nlark.com/thunkify/download/thunkify-2.1.2.tgz",
      "integrity": "sha1-+qDp0jDFGsyVyhOjYawFyn4EVT0=",
      "dev": true
    },
    "node_modules/type-check": {
      "version": "0.3.2",
      "resolved": "https://registry.npm.taobao.org/type-check/download/type-check-0.3.2.tgz",
      "integrity": "sha1-WITKtRLPHTVeP7eE8wgEsrUg23I=",
      "dev": true,
      "dependencies": {
        "prelude-ls": "~1.1.2"
      },
      "engines": {
        "node": ">= 0.8.0"
      }
    },
    "node_modules/universalify": {
      "version": "0.1.2",
      "resolved": "https://registry.nlark.com/universalify/download/universalify-0.1.2.tgz",
      "integrity": "sha1-tkb2m+OULavOzJ1mOcgNwQXvqmY=",
      "dev": true,
      "engines": {
        "node": ">= 4.0.0"
      }
    },
    "node_modules/vm2": {
      "version": "3.9.3",
      "resolved": "https://registry.npm.taobao.org/vm2/download/vm2-3.9.3.tgz?cache=0&sync_timestamp=1617654047432&other_urls=https%3A%2F%2Fregistry.npm.taobao.org%2Fvm2%2Fdownload%2Fvm2-3.9.3.tgz",
      "integrity": "sha1-KZF/bMCBzEOj9YDCbFtVP9PJH0A=",
      "dev": true,
      "bin": {
        "vm2": "bin/vm2"
      },
      "engines": {
        "node": ">=6.0"
      }
    },
    "node_modules/vue": {
      "version": "2.6.14",
      "resolved": "https://registry.npmmirror.com/vue/download/vue-2.6.14.tgz",
      "integrity": "sha1-5RqlJQJQ1Wmj+606ilpofWA24jU=",
      "peer": true
    },
    "node_modules/word-wrap": {
      "version": "1.2.3",
      "resolved": "https://registry.nlark.com/word-wrap/download/word-wrap-1.2.3.tgz",
      "integrity": "sha1-YQY29rH3A4kb00dxzLF/uTtHB5w=",
      "dev": true,
      "engines": {
        "node": ">=0.10.0"
      }
    },
    "node_modules/xml-beautifier": {
      "version": "0.4.3",
      "resolved": "https://registry.nlark.com/xml-beautifier/download/xml-beautifier-0.4.3.tgz",
      "integrity": "sha1-LV4yDhm/cKxzQ8ARNaH5nfCLTDc=",
      "dev": true,
      "dependencies": {
        "repeat-string": "1.6.1"
      }
    },
    "node_modules/xtemplate": {
      "version": "4.7.2",
      "resolved": "https://registry.npm.taobao.org/xtemplate/download/xtemplate-4.7.2.tgz",
      "integrity": "sha1-kNBRQORb8+hB07UpUCF0qs/k6GI=",
      "dev": true,
      "dependencies": {
        "escape-html": "~1.0.3"
      },
      "engines": {
        "node": ">=0.10"
      }
    },
    "node_modules/xtpl": {
      "version": "3.4.2",
      "resolved": "https://registry.npm.taobao.org/xtpl/download/xtpl-3.4.2.tgz",
      "integrity": "sha1-xBd1DJHcSXi5SSQqi8F/nM8dMTU=",
      "dev": true,
      "engines": {
        "node": ">=0.10"
      }
    }
  },
  "dependencies": {
    "@imgcook/dsl-css-processor": {
      "version": "0.0.1",
      "resolved": "https://registry.npmmirror.com/@imgcook/dsl-css-processor/download/@imgcook/dsl-css-processor-0.0.1.tgz",
      "integrity": "sha1-NBoOScKNIjuoHJ1LPLLZRpGZ3qQ=",
      "dev": true,
      "requires": {
        "mdn-data": "^2.0.0"
      }
    },
    "@imgcook/dsl-helper": {
      "version": "0.0.1",
      "resolved": "https://registry.npmmirror.com/@imgcook/dsl-helper/download/@imgcook/dsl-helper-0.0.1.tgz",
      "integrity": "sha1-/AsG4zNYwRBuzQaaHeB0HdXYHbg=",
      "dev": true,
      "requires": {
        "@imgcook/dsl-css-processor": "^0.0.1",
        "acorn": "^6.1.1",
        "acorn-jsx": "^5.0.1",
        "escodegen": "^1.11.1",
        "lodash": "^4.17.11"
      }
    },
    "acorn": {
      "version": "6.4.2",
      "resolved": "https://registry.nlark.com/acorn/download/acorn-6.4.2.tgz",
      "integrity": "sha1-NYZv1xBSjpLeEM8GAWSY5H454eY=",
      "dev": true
    },
    "acorn-jsx": {
      "version": "5.3.2",
      "resolved": "https://registry.nlark.com/acorn-jsx/download/acorn-jsx-5.3.2.tgz",
      "integrity": "sha1-ftW7VZCLOy8bxVxq8WU7rafweTc=",
      "dev": true,
      "requires": {}
    },
    "async-validator": {
      "version": "1.8.5",
      "resolved": "https://registry.npmmirror.com/async-validator/download/async-validator-1.8.5.tgz",
      "integrity": "sha1-3D4I7B/Q3dtn5ghC8CwM0c7G1/A=",
      "requires": {
        "babel-runtime": "6.x"
      }
    },
    "babel-helper-vue-jsx-merge-props": {
      "version": "2.0.3",
      "resolved": "https://registry.nlark.com/babel-helper-vue-jsx-merge-props/download/babel-helper-vue-jsx-merge-props-2.0.3.tgz",
      "integrity": "sha1-Iq69OzOQIyjlEyk6jkmSs4T58bY="
    },
    "babel-runtime": {
      "version": "6.26.0",
      "resolved": "https://registry.nlark.com/babel-runtime/download/babel-runtime-6.26.0.tgz",
      "integrity": "sha1-llxwWGaOgrVde/4E/yM3vItWR/4=",
      "requires": {
        "core-js": "^2.4.0",
        "regenerator-runtime": "^0.11.0"
      }
    },
    "co": {
      "version": "4.6.0",
      "resolved": "https://registry.npm.taobao.org/co/download/co-4.6.0.tgz",
      "integrity": "sha1-bqa989hTrlTMuOR7+gvz+QMfsYQ=",
      "dev": true
    },
    "core-js": {
      "version": "2.6.12",
      "resolved": "https://registry.npmmirror.com/core-js/download/core-js-2.6.12.tgz?cache=0&sync_timestamp=1633458698338&other_urls=https%3A%2F%2Fregistry.npmmirror.com%2Fcore-js%2Fdownload%2Fcore-js-2.6.12.tgz",
      "integrity": "sha1-2TM9+nsGXjR8xWgiGdb2kIWcwuw="
    },
    "deep-is": {
      "version": "0.1.4",
      "resolved": "https://registry.nlark.com/deep-is/download/deep-is-0.1.4.tgz",
      "integrity": "sha1-pvLc5hL63S7x9Rm3NVHxfoUZmDE=",
      "dev": true
    },
    "deepmerge": {
      "version": "1.5.2",
      "resolved": "https://registry.npmmirror.com/deepmerge/download/deepmerge-1.5.2.tgz?cache=0&sync_timestamp=1632811090375&other_urls=https%3A%2F%2Fregistry.npmmirror.com%2Fdeepmerge%2Fdownload%2Fdeepmerge-1.5.2.tgz",
      "integrity": "sha1-EEmdhohEza1P7ghC34x/bwyVp1M="
    },
    "element-ui": {
      "version": "2.15.6",
      "resolved": "https://registry.npmmirror.com/element-ui/download/element-ui-2.15.6.tgz",
      "integrity": "sha1-yWCa3TWvWmhqS3aF3B11fHXgHfM=",
      "requires": {
        "async-validator": "~1.8.1",
        "babel-helper-vue-jsx-merge-props": "^2.0.0",
        "deepmerge": "^1.2.0",
        "normalize-wheel": "^1.0.1",
        "resize-observer-polyfill": "^1.5.0",
        "throttle-debounce": "^1.0.1"
      }
    },
    "escape-html": {
      "version": "1.0.3",
      "resolved": "https://registry.npm.taobao.org/escape-html/download/escape-html-1.0.3.tgz",
      "integrity": "sha1-Aljq5NPQwJdN4cFpGI7wBR0dGYg=",
      "dev": true
    },
    "escodegen": {
      "version": "1.14.3",
      "resolved": "https://registry.npm.taobao.org/escodegen/download/escodegen-1.14.3.tgz",
      "integrity": "sha1-TnuB+6YVgdyXWC7XjKt/Do1j9QM=",
      "dev": true,
      "requires": {
        "esprima": "^4.0.1",
        "estraverse": "^4.2.0",
        "esutils": "^2.0.2",
        "optionator": "^0.8.1",
        "source-map": "~0.6.1"
      }
    },
    "esprima": {
      "version": "4.0.1",
      "resolved": "https://registry.nlark.com/esprima/download/esprima-4.0.1.tgz",
      "integrity": "sha1-E7BM2z5sXRnfkatph6hpVhmwqnE=",
      "dev": true
    },
    "estraverse": {
      "version": "4.3.0",
      "resolved": "https://registry.npm.taobao.org/estraverse/download/estraverse-4.3.0.tgz",
      "integrity": "sha1-OYrT88WiSUi+dyXoPRGn3ijNvR0=",
      "dev": true
    },
    "esutils": {
      "version": "2.0.3",
      "resolved": "https://registry.nlark.com/esutils/download/esutils-2.0.3.tgz",
      "integrity": "sha1-dNLrTeC42hKTcRkQ1Qd1ubcQ72Q=",
      "dev": true
    },
    "fast-levenshtein": {
      "version": "2.0.6",
      "resolved": "https://registry.nlark.com/fast-levenshtein/download/fast-levenshtein-2.0.6.tgz",
      "integrity": "sha1-PYpcZog6FqMMqGQ+hR8Zuqd5eRc=",
      "dev": true
    },
    "fs-extra": {
      "version": "8.1.0",
      "resolved": "https://registry.nlark.com/fs-extra/download/fs-extra-8.1.0.tgz",
      "integrity": "sha1-SdQ8RaiM2Wd2aMt74bRu/bjS4cA=",
      "dev": true,
      "requires": {
        "graceful-fs": "^4.2.0",
        "jsonfile": "^4.0.0",
        "universalify": "^0.1.0"
      }
    },
    "graceful-fs": {
      "version": "4.2.8",
      "resolved": "https://registry.nlark.com/graceful-fs/download/graceful-fs-4.2.8.tgz?cache=0&sync_timestamp=1628194078324&other_urls=https%3A%2F%2Fregistry.nlark.com%2Fgraceful-fs%2Fdownload%2Fgraceful-fs-4.2.8.tgz",
      "integrity": "sha1-5BK40z9eAGWTy9PO5t+fLOu+gCo=",
      "dev": true
    },
    "jsonfile": {
      "version": "4.0.0",
      "resolved": "https://registry.nlark.com/jsonfile/download/jsonfile-4.0.0.tgz",
      "integrity": "sha1-h3Gq4HmbZAdrdmQPygWPnBDjPss=",
      "dev": true,
      "requires": {
        "graceful-fs": "^4.1.6"
      }
    },
    "levn": {
      "version": "0.3.0",
      "resolved": "https://registry.npm.taobao.org/levn/download/levn-0.3.0.tgz",
      "integrity": "sha1-OwmSTt+fCDwEkP3UwLxEIeBHZO4=",
      "dev": true,
      "requires": {
        "prelude-ls": "~1.1.2",
        "type-check": "~0.3.2"
      }
    },
    "lodash": {
      "version": "4.17.21",
      "resolved": "https://registry.nlark.com/lodash/download/lodash-4.17.21.tgz?cache=0&sync_timestamp=1624543041613&other_urls=https%3A%2F%2Fregistry.nlark.com%2Flodash%2Fdownload%2Flodash-4.17.21.tgz",
      "integrity": "sha1-Z5WRxWTDv/quhFTPCz3zcMPWkRw=",
      "dev": true
    },
    "mdn-data": {
      "version": "2.0.22",
      "resolved": "https://registry.nlark.com/mdn-data/download/mdn-data-2.0.22.tgz?cache=0&other_urls=https%3A%2F%2Fregistry.nlark.com%2Fmdn-data%2Fdownload%2Fmdn-data-2.0.22.tgz",
      "integrity": "sha1-Fut5sLYDiX5AI2Yl2VAYZ0565dQ=",
      "dev": true
    },
    "normalize-wheel": {
      "version": "1.0.1",
      "resolved": "https://registry.npmmirror.com/normalize-wheel/download/normalize-wheel-1.0.1.tgz",
      "integrity": "sha1-rsiGr/2wRQcNhWRH32Ls+GFG7EU="
    },
    "optionator": {
      "version": "0.8.3",
      "resolved": "https://registry.nlark.com/optionator/download/optionator-0.8.3.tgz",
      "integrity": "sha1-hPodA2/p08fiHZmIS2ARZ+yPtJU=",
      "dev": true,
      "requires": {
        "deep-is": "~0.1.3",
        "fast-levenshtein": "~2.0.6",
        "levn": "~0.3.0",
        "prelude-ls": "~1.1.2",
        "type-check": "~0.3.2",
        "word-wrap": "~1.2.3"
      }
    },
    "prelude-ls": {
      "version": "1.1.2",
      "resolved": "https://registry.nlark.com/prelude-ls/download/prelude-ls-1.1.2.tgz",
      "integrity": "sha1-IZMqVJ9eUv/ZqCf1cOBL5iqX2lQ=",
      "dev": true
    },
    "prettier": {
      "version": "1.19.1",
      "resolved": "https://registry.nlark.com/prettier/download/prettier-1.19.1.tgz?cache=0&sync_timestamp=1631777138030&other_urls=https%3A%2F%2Fregistry.nlark.com%2Fprettier%2Fdownload%2Fprettier-1.19.1.tgz",
      "integrity": "sha1-99f1/4qc2HKnvkyhQglZVqYHl8s=",
      "dev": true
    },
    "regenerator-runtime": {
      "version": "0.11.1",
      "resolved": "https://registry.nlark.com/regenerator-runtime/download/regenerator-runtime-0.11.1.tgz?cache=0&sync_timestamp=1626993001371&other_urls=https%3A%2F%2Fregistry.nlark.com%2Fregenerator-runtime%2Fdownload%2Fregenerator-runtime-0.11.1.tgz",
      "integrity": "sha1-vgWtf5v30i4Fb5cmzuUBf78Z4uk="
    },
    "repeat-string": {
      "version": "1.6.1",
      "resolved": "https://registry.nlark.com/repeat-string/download/repeat-string-1.6.1.tgz",
      "integrity": "sha1-jcrkcOHIirwtYA//Sndihtp15jc=",
      "dev": true
    },
    "resize-observer-polyfill": {
      "version": "1.5.1",
      "resolved": "https://registry.npmmirror.com/resize-observer-polyfill/download/resize-observer-polyfill-1.5.1.tgz",
      "integrity": "sha1-DpAg3T0hAkRY1OvSfiPkAmmBBGQ="
    },
    "source-map": {
      "version": "0.6.1",
      "resolved": "https://registry.nlark.com/source-map/download/source-map-0.6.1.tgz",
      "integrity": "sha1-dHIq8y6WFOnCh6jQu95IteLxomM=",
      "dev": true,
      "optional": true
    },
    "throttle-debounce": {
      "version": "1.1.0",
      "resolved": "https://registry.npmmirror.com/throttle-debounce/download/throttle-debounce-1.1.0.tgz",
      "integrity": "sha1-UYU9o3vmihVctugns1FKPEIuic0="
    },
    "thunkify": {
      "version": "2.1.2",
      "resolved": "https://registry.nlark.com/thunkify/download/thunkify-2.1.2.tgz",
      "integrity": "sha1-+qDp0jDFGsyVyhOjYawFyn4EVT0=",
      "dev": true
    },
    "type-check": {
      "version": "0.3.2",
      "resolved": "https://registry.npm.taobao.org/type-check/download/type-check-0.3.2.tgz",
      "integrity": "sha1-WITKtRLPHTVeP7eE8wgEsrUg23I=",
      "dev": true,
      "requires": {
        "prelude-ls": "~1.1.2"
      }
    },
    "universalify": {
      "version": "0.1.2",
      "resolved": "https://registry.nlark.com/universalify/download/universalify-0.1.2.tgz",
      "integrity": "sha1-tkb2m+OULavOzJ1mOcgNwQXvqmY=",
      "dev": true
    },
    "vm2": {
      "version": "3.9.3",
      "resolved": "https://registry.npm.taobao.org/vm2/download/vm2-3.9.3.tgz?cache=0&sync_timestamp=1617654047432&other_urls=https%3A%2F%2Fregistry.npm.taobao.org%2Fvm2%2Fdownload%2Fvm2-3.9.3.tgz",
      "integrity": "sha1-KZF/bMCBzEOj9YDCbFtVP9PJH0A=",
      "dev": true
    },
    "vue": {
      "version": "2.6.14",
      "resolved": "https://registry.npmmirror.com/vue/download/vue-2.6.14.tgz",
      "integrity": "sha1-5RqlJQJQ1Wmj+606ilpofWA24jU=",
      "peer": true
    },
    "word-wrap": {
      "version": "1.2.3",
      "resolved": "https://registry.nlark.com/word-wrap/download/word-wrap-1.2.3.tgz",
      "integrity": "sha1-YQY29rH3A4kb00dxzLF/uTtHB5w=",
      "dev": true
    },
    "xml-beautifier": {
      "version": "0.4.3",
      "resolved": "https://registry.nlark.com/xml-beautifier/download/xml-beautifier-0.4.3.tgz",
      "integrity": "sha1-LV4yDhm/cKxzQ8ARNaH5nfCLTDc=",
      "dev": true,
      "requires": {
        "repeat-string": "1.6.1"
      }
    },
    "xtemplate": {
      "version": "4.7.2",
      "resolved": "https://registry.npm.taobao.org/xtemplate/download/xtemplate-4.7.2.tgz",
      "integrity": "sha1-kNBRQORb8+hB07UpUCF0qs/k6GI=",
      "dev": true,
      "requires": {
        "escape-html": "~1.0.3"
      }
    },
    "xtpl": {
      "version": "3.4.2",
      "resolved": "https://registry.npm.taobao.org/xtpl/download/xtpl-3.4.2.tgz",
      "integrity": "sha1-xBd1DJHcSXi5SSQqi8F/nM8dMTU=",
      "dev": true
    }
  }
}
